
Microsoft Visual Studio Solution File, Format Version 12.00
# Visual Studio 15
VisualStudioVersion = 15.0.28307.1321
MinimumVisualStudioVersion = 10.0.40219.1
Project("{FAE04EC0-301F-11D3-BF4B-00C04F79EFBC}") = "Launcher", "WindowsFormsApp10\Launcher.csproj", "{CD5E4C79-E1FE-4789-AE8D-D196CDFF494B}"
EndProject
Global
	GlobalSection(SolutionConfigurationPlatforms) = preSolution
		Debug|Any CPU = Debug|Any CPU
		Release|Any CPU = Release|Any CPU
	EndGlobalSection
	GlobalSection(ProjectConfigurationPlatforms) = postSolution
		{CD5E4C79-E1FE-4789-AE8D-D196CDFF494B}.Debug|Any CPU.ActiveCfg = Debug|Any CPU
		{CD5E4C79-E1FE-4789-AE8D-D196CDFF494B}.Debug|Any CPU.Build.0 = Debug|Any CPU
		{CD5E4C79-E1FE-4789-AE8D-D196CDFF494B}.Release|Any CPU.ActiveCfg = Release|Any CPU
		{CD5E4C79-E1FE-4789-AE8D-D196CDFF494B}.Release|Any CPU.Build.0 = Release|Any CPU
	EndGlobalSection
	GlobalSection(SolutionProperties) = preSolution
		HideSolutionNode = FALSE
	EndGlobalSection
	GlobalSection(ExtensibilityGlobals) = postSolution
		SolutionGuid = {1788F5F5-DA6B-4243-BCB4-15CC51422287}
	EndGlobalSection
EndGlobal
